
Microsoft Visual Studio Solution File, Format Version 12.00
# Visual Studio Version 17
VisualStudioVersion = 17.10.35027.167
MinimumVisualStudioVersion = 10.0.40219.1
Project("{FAE04EC0-301F-11D3-BF4B-00C04F79EFBC}") = "QRreader", "QRreader.csproj", "{0AF935AE-CD87-4A37-AA4B-3E8661514011}"
EndProject
Global
	GlobalSection(SolutionConfigurationPlatforms) = preSolution
		Debug|Any CPU = Debug|Any CPU
		Release|Any CPU = Release|Any CPU
	EndGlobalSection
	GlobalSection(ProjectConfigurationPlatforms) = postSolution
		{0AF935AE-CD87-4A37-AA4B-3E8661514011}.Debug|Any CPU.ActiveCfg = Debug|Any CPU
		{0AF935AE-CD87-4A37-AA4B-3E8661514011}.Debug|Any CPU.Build.0 = Debug|Any CPU
		{0AF935AE-CD87-4A37-AA4B-3E8661514011}.Release|Any CPU.ActiveCfg = Release|Any CPU
		{0AF935AE-CD87-4A37-AA4B-3E8661514011}.Release|Any CPU.Build.0 = Release|Any CPU
	EndGlobalSection
	GlobalSection(SolutionProperties) = preSolution
		HideSolutionNode = FALSE
	EndGlobalSection
	GlobalSection(ExtensibilityGlobals) = postSolution
		SolutionGuid = {86046263-2F9A-4532-A3BF-970BF8AAFD74}
	EndGlobalSection
EndGlobal
